
Microsoft Visual Studio Solution File, Format Version 12.00
# Visual Studio Version 16
VisualStudioVersion = 16.0.29102.190
MinimumVisualStudioVersion = 10.0.40219.1
Project("{FAE04EC0-301F-11D3-BF4B-00C04F79EFBC}") = "Tool", "Tool\Tool.csproj", "{811A3241-AD68-4446-8AF7-3ABE68129C8E}"
EndProject
Project("{9A19103F-16F7-4668-BE54-9A1E7A4F7556}") = "UnitTestProject1", "UnitTestProject1\UnitTestProject1.csproj", "{C333997D-F6AD-4E14-852D-C5D5B4062C8A}"
EndProject
Project("{9A19103F-16F7-4668-BE54-9A1E7A4F7556}") = "Sercher", "Sercher\Sercher.csproj", "{22384926-DAB7-4656-99C3-7818B251D2FA}"
EndProject
Project("{9A19103F-16F7-4668-BE54-9A1E7A4F7556}") = "PeripheralTool", "PeripheralTool\PeripheralTool.csproj", "{4D4C4968-CFAB-41DA-A389-72EBA121396E}"
EndProject
Project("{9A19103F-16F7-4668-BE54-9A1E7A4F7556}") = "ConsoleApp1", "ConsoleApp1\ConsoleApp1.csproj", "{FE799BC1-2350-4DE4-BAEC-2FB78B91EF50}"
EndProject
Project("{9A19103F-16F7-4668-BE54-9A1E7A4F7556}") = "Component", "Plug-interface\Component.csproj", "{201B9AB4-8C31-4FDE-A7F5-5F8C8A714541}"
EndProject
Global
	GlobalSection(SolutionConfigurationPlatforms) = preSolution
		Debug|Any CPU = Debug|Any CPU
		Release|Any CPU = Release|Any CPU
	EndGlobalSection
	GlobalSection(ProjectConfigurationPlatforms) = postSolution
		{811A3241-AD68-4446-8AF7-3ABE68129C8E}.Debug|Any CPU.ActiveCfg = Debug|Any CPU
		{811A3241-AD68-4446-8AF7-3ABE68129C8E}.Debug|Any CPU.Build.0 = Debug|Any CPU
		{811A3241-AD68-4446-8AF7-3ABE68129C8E}.Release|Any CPU.ActiveCfg = Release|Any CPU
		{811A3241-AD68-4446-8AF7-3ABE68129C8E}.Release|Any CPU.Build.0 = Release|Any CPU
		{C333997D-F6AD-4E14-852D-C5D5B4062C8A}.Debug|Any CPU.ActiveCfg = Debug|Any CPU
		{C333997D-F6AD-4E14-852D-C5D5B4062C8A}.Debug|Any CPU.Build.0 = Debug|Any CPU
		{C333997D-F6AD-4E14-852D-C5D5B4062C8A}.Release|Any CPU.ActiveCfg = Release|Any CPU
		{C333997D-F6AD-4E14-852D-C5D5B4062C8A}.Release|Any CPU.Build.0 = Release|Any CPU
		{22384926-DAB7-4656-99C3-7818B251D2FA}.Debug|Any CPU.ActiveCfg = Debug|Any CPU
		{22384926-DAB7-4656-99C3-7818B251D2FA}.Debug|Any CPU.Build.0 = Debug|Any CPU
		{22384926-DAB7-4656-99C3-7818B251D2FA}.Release|Any CPU.ActiveCfg = Release|Any CPU
		{22384926-DAB7-4656-99C3-7818B251D2FA}.Release|Any CPU.Build.0 = Release|Any CPU
		{4D4C4968-CFAB-41DA-A389-72EBA121396E}.Debug|Any CPU.ActiveCfg = Debug|Any CPU
		{4D4C4968-CFAB-41DA-A389-72EBA121396E}.Debug|Any CPU.Build.0 = Debug|Any CPU
		{4D4C4968-CFAB-41DA-A389-72EBA121396E}.Release|Any CPU.ActiveCfg = Release|Any CPU
		{4D4C4968-CFAB-41DA-A389-72EBA121396E}.Release|Any CPU.Build.0 = Release|Any CPU
		{FE799BC1-2350-4DE4-BAEC-2FB78B91EF50}.Debug|Any CPU.ActiveCfg = Debug|Any CPU
		{FE799BC1-2350-4DE4-BAEC-2FB78B91EF50}.Debug|Any CPU.Build.0 = Debug|Any CPU
		{FE799BC1-2350-4DE4-BAEC-2FB78B91EF50}.Release|Any CPU.ActiveCfg = Release|Any CPU
		{FE799BC1-2350-4DE4-BAEC-2FB78B91EF50}.Release|Any CPU.Build.0 = Release|Any CPU
		{201B9AB4-8C31-4FDE-A7F5-5F8C8A714541}.Debug|Any CPU.ActiveCfg = Debug|Any CPU
		{201B9AB4-8C31-4FDE-A7F5-5F8C8A714541}.Debug|Any CPU.Build.0 = Debug|Any CPU
		{201B9AB4-8C31-4FDE-A7F5-5F8C8A714541}.Release|Any CPU.ActiveCfg = Release|Any CPU
		{201B9AB4-8C31-4FDE-A7F5-5F8C8A714541}.Release|Any CPU.Build.0 = Release|Any CPU
	EndGlobalSection
	GlobalSection(SolutionProperties) = preSolution
		HideSolutionNode = FALSE
	EndGlobalSection
	GlobalSection(ExtensibilityGlobals) = postSolution
		SolutionGuid = {2916CA0C-76F3-4F2B-AADB-57519450FEFF}
	EndGlobalSection
EndGlobal
